
Microsoft Visual Studio Solution File, Format Version 12.00
# Visual Studio Version 17
VisualStudioVersion = 17.0.31903.59
MinimumVisualStudioVersion = 10.0.40219.1
Project("{9A19103F-16F7-4668-BE54-9A1E7A4F7556}") = "Application", "src\Application\Application.csproj", "{E93C6EB9-BE63-4E16-AF36-6F3B24CC7BDF}"
EndProject
Project("{9A19103F-16F7-4668-BE54-9A1E7A4F7556}") = "Domain", "src\Domain\Domain.csproj", "{E33EE9ED-D1D0-4833-8FB7-DEA2766C6BA2}"
EndProject
Project("{9A19103F-16F7-4668-BE54-9A1E7A4F7556}") = "Persistence", "src\Persistence\Persistence.csproj", "{AE0F8D80-F510-4AC0-8D38-37C35C8385A5}"
EndProject
Project("{9A19103F-16F7-4668-BE54-9A1E7A4F7556}") = "API", "src\API\API.csproj", "{551794B0-8563-4682-8430-4A32E1DA6BB4}"
EndProject
Global
	GlobalSection(SolutionConfigurationPlatforms) = preSolution
		Debug|Any CPU = Debug|Any CPU
		Release|Any CPU = Release|Any CPU
	EndGlobalSection
	GlobalSection(ProjectConfigurationPlatforms) = postSolution
		{E93C6EB9-BE63-4E16-AF36-6F3B24CC7BDF}.Debug|Any CPU.ActiveCfg = Debug|Any CPU
		{E93C6EB9-BE63-4E16-AF36-6F3B24CC7BDF}.Debug|Any CPU.Build.0 = Debug|Any CPU
		{E93C6EB9-BE63-4E16-AF36-6F3B24CC7BDF}.Release|Any CPU.ActiveCfg = Release|Any CPU
		{E93C6EB9-BE63-4E16-AF36-6F3B24CC7BDF}.Release|Any CPU.Build.0 = Release|Any CPU
		{E33EE9ED-D1D0-4833-8FB7-DEA2766C6BA2}.Debug|Any CPU.ActiveCfg = Debug|Any CPU
		{E33EE9ED-D1D0-4833-8FB7-DEA2766C6BA2}.Debug|Any CPU.Build.0 = Debug|Any CPU
		{E33EE9ED-D1D0-4833-8FB7-DEA2766C6BA2}.Release|Any CPU.ActiveCfg = Release|Any CPU
		{E33EE9ED-D1D0-4833-8FB7-DEA2766C6BA2}.Release|Any CPU.Build.0 = Release|Any CPU
		{AE0F8D80-F510-4AC0-8D38-37C35C8385A5}.Debug|Any CPU.ActiveCfg = Debug|Any CPU
		{AE0F8D80-F510-4AC0-8D38-37C35C8385A5}.Debug|Any CPU.Build.0 = Debug|Any CPU
		{AE0F8D80-F510-4AC0-8D38-37C35C8385A5}.Release|Any CPU.ActiveCfg = Release|Any CPU
		{AE0F8D80-F510-4AC0-8D38-37C35C8385A5}.Release|Any CPU.Build.0 = Release|Any CPU
		{551794B0-8563-4682-8430-4A32E1DA6BB4}.Debug|Any CPU.ActiveCfg = Debug|Any CPU
		{551794B0-8563-4682-8430-4A32E1DA6BB4}.Debug|Any CPU.Build.0 = Debug|Any CPU
		{551794B0-8563-4682-8430-4A32E1DA6BB4}.Release|Any CPU.ActiveCfg = Release|Any CPU
		{551794B0-8563-4682-8430-4A32E1DA6BB4}.Release|Any CPU.Build.0 = Release|Any CPU
	EndGlobalSection
	GlobalSection(SolutionProperties) = preSolution
		HideSolutionNode = FALSE
	EndGlobalSection
	GlobalSection(ExtensibilityGlobals) = postSolution
		SolutionGuid = {A8114701-C40D-4BBA-9181-06B70F28A8B0}
	EndGlobalSection
EndGlobal
